{
  "requires": true,
  "lockfileVersion": 1,
  "dependencies": {
    "npm-start-command": {
      "version": "1.0.1",
      "resolved": "https://registry.npmjs.org/npm-start-command/-/npm-start-command-1.0.1.tgz",
      "integrity": "sha512-EEh74E7MYd0+3IUPxZbTHj4nB9yN+XYfJ6CJ2uiXAg+70DRUnYOyq15iy8T6G0tieihcFrjyE/+BkV/OOtY9VA==",
      "dev": true
    }
  }
}
